// !$*UTF8*$!
{
	archiveVersion = 1;
	classes = {
	};
	objectVersion = 48;
	objects = {

/* Begin PBXBuildFile section */
		7F8012BB2102CBF200CEA5DA /* Camera.storyboard in Resources */ = {isa = PBXBuildFile; fileRef = 7F8012BA2102CBF200CEA5DA /* Camera.storyboard */; };
		7F85D2C021115D93006E2772 /* JosefinSans-Regular.ttf in Resources */ = {isa = PBXBuildFile; fileRef = 7F8012A82100F69800CEA5DA /* JosefinSans-Regular.ttf */; };
		7F85D2C121115D96006E2772 /* JosefinSans-Bold.ttf in Resources */ = {isa = PBXBuildFile; fileRef = 7F8012A72100F69800CEA5DA /* JosefinSans-Bold.ttf */; };
		7F912B982110DB8E00ADABEE /* Groups.storyboard in Resources */ = {isa = PBXBuildFile; fileRef = 7F912B972110DB8E00ADABEE /* Groups.storyboard */; };
		7F912B9C211114E000ADABEE /* SignUp.storyboard in Resources */ = {isa = PBXBuildFile; fileRef = 7F912B9B211114E000ADABEE /* SignUp.storyboard */; };
		7FE56E1C212F254C00A8CEE8 /* OpenViewController.swift in Sources */ = {isa = PBXBuildFile; fileRef = 7FE56E1B212F254C00A8CEE8 /* OpenViewController.swift */; };
		7FEFAF842133A28B00D9537E /* BounceButton.swift in Sources */ = {isa = PBXBuildFile; fileRef = 7F8012B3210123B000CEA5DA /* BounceButton.swift */; };
		8711A836210D478C00CCFD38 /* FeedViewController.swift in Sources */ = {isa = PBXBuildFile; fileRef = 8711A835210D478C00CCFD38 /* FeedViewController.swift */; };
		8711A839210D47CD00CCFD38 /* Post.swift in Sources */ = {isa = PBXBuildFile; fileRef = 8711A838210D47CD00CCFD38 /* Post.swift */; };
		8711A83B210D539D00CCFD38 /* FeedTableViewCell.swift in Sources */ = {isa = PBXBuildFile; fileRef = 8711A83A210D539D00CCFD38 /* FeedTableViewCell.swift */; };
		8711A8432113E55D00CCFD38 /* GoogleService-Info.plist in Resources */ = {isa = PBXBuildFile; fileRef = 8711A8422113E55C00CCFD38 /* GoogleService-Info.plist */; };
		8711A8462113E5F000CCFD38 /* CameraNavigationController.swift in Sources */ = {isa = PBXBuildFile; fileRef = 8711A8452113E5F000CCFD38 /* CameraNavigationController.swift */; };
		8720D7C120F1DBBC0069F56B /* VideoPlaybackViewController.swift in Sources */ = {isa = PBXBuildFile; fileRef = 8720D7C020F1DBBC0069F56B /* VideoPlaybackViewController.swift */; };
		8720D7CE20F476DB0069F56B /* VideoTrimmerViewController.swift in Sources */ = {isa = PBXBuildFile; fileRef = 8720D7CD20F476DB0069F56B /* VideoTrimmerViewController.swift */; };
		87221A0A20F073F2000A00F7 /* AppDelegate.swift in Sources */ = {isa = PBXBuildFile; fileRef = 87221A0920F073F2000A00F7 /* AppDelegate.swift */; };
		87221A1120F073F2000A00F7 /* Assets.xcassets in Resources */ = {isa = PBXBuildFile; fileRef = 87221A1020F073F2000A00F7 /* Assets.xcassets */; };
		87221A1420F073F2000A00F7 /* LaunchScreen.storyboard in Resources */ = {isa = PBXBuildFile; fileRef = 87221A1220F073F2000A00F7 /* LaunchScreen.storyboard */; };
		87221A1E20F195B0000A00F7 /* CameraViewController.swift in Sources */ = {isa = PBXBuildFile; fileRef = 87221A1D20F195B0000A00F7 /* CameraViewController.swift */; };
		872334222130C3FC00CA1BF6 /* GroupMemberCollectionViewCell.swift in Sources */ = {isa = PBXBuildFile; fileRef = 872334212130C3FC00CA1BF6 /* GroupMemberCollectionViewCell.swift */; };
		8723342D213371F900CA1BF6 /* FirstScreenViewController.swift in Sources */ = {isa = PBXBuildFile; fileRef = 8723342C213371F900CA1BF6 /* FirstScreenViewController.swift */; };
		875691A92101009000284EA3 /* Pods_Flokk.framework in Frameworks */ = {isa = PBXBuildFile; fileRef = 453D587CDE3B8763B595800A /* Pods_Flokk.framework */; };
		87706DAD20F960B200663948 /* .gitignore in Resources */ = {isa = PBXBuildFile; fileRef = 87706DAC20F960B200663948 /* .gitignore */; };
		87D2CEAA21167570007785DC /* FirstSignUpViewController.swift in Sources */ = {isa = PBXBuildFile; fileRef = 87D2CEA921167570007785DC /* FirstSignUpViewController.swift */; };
		87D2CEAC211675AD007785DC /* VerifyNumberViewController.swift in Sources */ = {isa = PBXBuildFile; fileRef = 87D2CEAB211675AD007785DC /* VerifyNumberViewController.swift */; };
		87D2CEAE211A4069007785DC /* SecondSignUpViewController.swift in Sources */ = {isa = PBXBuildFile; fileRef = 87D2CEAD211A4069007785DC /* SecondSignUpViewController.swift */; };
		87D2CEB1211A4D52007785DC /* ImageUtils.swift in Sources */ = {isa = PBXBuildFile; fileRef = 87D2CEB0211A4D52007785DC /* ImageUtils.swift */; };
		87D2CEB3211A4ED6007785DC /* User.swift in Sources */ = {isa = PBXBuildFile; fileRef = 87D2CEB2211A4ED6007785DC /* User.swift */; };
		87D2CEB5211A5D4C007785DC /* SignInViewController.swift in Sources */ = {isa = PBXBuildFile; fileRef = 87D2CEB4211A5D4C007785DC /* SignInViewController.swift */; };
		87D2CEB8211A5E94007785DC /* GroupsViewController.swift in Sources */ = {isa = PBXBuildFile; fileRef = 87D2CEB7211A5E94007785DC /* GroupsViewController.swift */; };
		87D2CEBA211BB04F007785DC /* GroupsTableViewCell.swift in Sources */ = {isa = PBXBuildFile; fileRef = 87D2CEB9211BB04F007785DC /* GroupsTableViewCell.swift */; };
		87D2CEBC211BB0EE007785DC /* Group.swift in Sources */ = {isa = PBXBuildFile; fileRef = 87D2CEBB211BB0EE007785DC /* Group.swift */; };
		87D2CEC0211E55C7007785DC /* CreateGroupViewController.swift in Sources */ = {isa = PBXBuildFile; fileRef = 87D2CEBF211E55C7007785DC /* CreateGroupViewController.swift */; };
		87D2CEC221223B2B007785DC /* VideoUtils.swift in Sources */ = {isa = PBXBuildFile; fileRef = 87D2CEC121223B2B007785DC /* VideoUtils.swift */; };
		87D2CEC621225722007785DC /* GroupSettingsViewController.swift in Sources */ = {isa = PBXBuildFile; fileRef = 87D2CEC521225722007785DC /* GroupSettingsViewController.swift */; };
		87D2CEC821225745007785DC /* UserSettingsViewController.swift in Sources */ = {isa = PBXBuildFile; fileRef = 87D2CEC721225745007785DC /* UserSettingsViewController.swift */; };
		87D2CF2221235493007785DC /* AddUserViewController.swift in Sources */ = {isa = PBXBuildFile; fileRef = 87D2CF2121235493007785DC /* AddUserViewController.swift */; };
		87D2CF2421235696007785DC /* UserSearchTableViewCell.swift in Sources */ = {isa = PBXBuildFile; fileRef = 87D2CF2321235696007785DC /* UserSearchTableViewCell.swift */; };
		87D2CF26212356C6007785DC /* UserSearchCollectionViewCell.swift in Sources */ = {isa = PBXBuildFile; fileRef = 87D2CF25212356C6007785DC /* UserSearchCollectionViewCell.swift */; };
		87D2CF282124D30A007785DC /* NewFeedTableViewCell.swift in Sources */ = {isa = PBXBuildFile; fileRef = 87D2CF272124D30A007785DC /* NewFeedTableViewCell.swift */; };
		87D2CF2C2127A33D007785DC /* FileUtils.swift in Sources */ = {isa = PBXBuildFile; fileRef = 87D2CF2B2127A33D007785DC /* FileUtils.swift */; };
		87DE4D8B2138C46500FC7DDB /* myVideo.mp4 in Resources */ = {isa = PBXBuildFile; fileRef = 87DE4D8A2138C46400FC7DDB /* myVideo.mp4 */; };
		87DE4D8D2138D93D00FC7DDB /* DateUtils.swift in Sources */ = {isa = PBXBuildFile; fileRef = 87DE4D8C2138D93D00FC7DDB /* DateUtils.swift */; };
		87E363472135297600C7DF85 /* Networking.swift in Sources */ = {isa = PBXBuildFile; fileRef = 87E363462135297600C7DF85 /* Networking.swift */; };
/* End PBXBuildFile section */

/* Begin PBXFileReference section */
		4179953DF8DE914F0B1E1396 /* Pods-Flokk.debug.xcconfig */ = {isa = PBXFileReference; includeInIndex = 1; lastKnownFileType = text.xcconfig; name = "Pods-Flokk.debug.xcconfig"; path = "Pods/Target Support Files/Pods-Flokk/Pods-Flokk.debug.xcconfig"; sourceTree = "<group>"; };
		453D587CDE3B8763B595800A /* Pods_Flokk.framework */ = {isa = PBXFileReference; explicitFileType = wrapper.framework; includeInIndex = 0; path = Pods_Flokk.framework; sourceTree = BUILT_PRODUCTS_DIR; };
		4E7F9723779119924F127835 /* Pods-Flokk.release.xcconfig */ = {isa = PBXFileReference; includeInIndex = 1; lastKnownFileType = text.xcconfig; name = "Pods-Flokk.release.xcconfig"; path = "Pods/Target Support Files/Pods-Flokk/Pods-Flokk.release.xcconfig"; sourceTree = "<group>"; };
		7F6C0FE121364648005711F0 /* myVideo.mp4 */ = {isa = PBXFileReference; lastKnownFileType = file; path = myVideo.mp4; sourceTree = "<group>"; };
		7F8012A72100F69800CEA5DA /* JosefinSans-Bold.ttf */ = {isa = PBXFileReference; lastKnownFileType = file; path = "JosefinSans-Bold.ttf"; sourceTree = "<group>"; };
		7F8012A82100F69800CEA5DA /* JosefinSans-Regular.ttf */ = {isa = PBXFileReference; lastKnownFileType = file; path = "JosefinSans-Regular.ttf"; sourceTree = "<group>"; };
		7F8012B3210123B000CEA5DA /* BounceButton.swift */ = {isa = PBXFileReference; fileEncoding = 4; lastKnownFileType = sourcecode.swift; path = BounceButton.swift; sourceTree = "<group>"; };
		7F8012BA2102CBF200CEA5DA /* Camera.storyboard */ = {isa = PBXFileReference; lastKnownFileType = file.storyboard; path = Camera.storyboard; sourceTree = "<group>"; };
		7F912B972110DB8E00ADABEE /* Groups.storyboard */ = {isa = PBXFileReference; lastKnownFileType = file.storyboard; path = Groups.storyboard; sourceTree = "<group>"; };
		7F912B9B211114E000ADABEE /* SignUp.storyboard */ = {isa = PBXFileReference; lastKnownFileType = file.storyboard; path = SignUp.storyboard; sourceTree = "<group>"; };
		7FE56E1B212F254C00A8CEE8 /* OpenViewController.swift */ = {isa = PBXFileReference; lastKnownFileType = sourcecode.swift; path = OpenViewController.swift; sourceTree = "<group>"; };
		8711A835210D478C00CCFD38 /* FeedViewController.swift */ = {isa = PBXFileReference; lastKnownFileType = sourcecode.swift; path = FeedViewController.swift; sourceTree = "<group>"; };
		8711A838210D47CD00CCFD38 /* Post.swift */ = {isa = PBXFileReference; lastKnownFileType = sourcecode.swift; path = Post.swift; sourceTree = "<group>"; };
		8711A83A210D539D00CCFD38 /* FeedTableViewCell.swift */ = {isa = PBXFileReference; lastKnownFileType = sourcecode.swift; path = FeedTableViewCell.swift; sourceTree = "<group>"; };
		8711A8422113E55C00CCFD38 /* GoogleService-Info.plist */ = {isa = PBXFileReference; fileEncoding = 4; lastKnownFileType = text.plist.xml; path = "GoogleService-Info.plist"; sourceTree = "<group>"; };
		8711A8452113E5F000CCFD38 /* CameraNavigationController.swift */ = {isa = PBXFileReference; lastKnownFileType = sourcecode.swift; path = CameraNavigationController.swift; sourceTree = "<group>"; };
		8720D7C020F1DBBC0069F56B /* VideoPlaybackViewController.swift */ = {isa = PBXFileReference; lastKnownFileType = sourcecode.swift; path = VideoPlaybackViewController.swift; sourceTree = "<group>"; };
		8720D7CD20F476DB0069F56B /* VideoTrimmerViewController.swift */ = {isa = PBXFileReference; lastKnownFileType = sourcecode.swift; path = VideoTrimmerViewController.swift; sourceTree = "<group>"; };
		87221A0620F073F2000A00F7 /* Flokk.app */ = {isa = PBXFileReference; explicitFileType = wrapper.application; includeInIndex = 0; path = Flokk.app; sourceTree = BUILT_PRODUCTS_DIR; };
		87221A0920F073F2000A00F7 /* AppDelegate.swift */ = {isa = PBXFileReference; lastKnownFileType = sourcecode.swift; path = AppDelegate.swift; sourceTree = "<group>"; };
		87221A1020F073F2000A00F7 /* Assets.xcassets */ = {isa = PBXFileReference; lastKnownFileType = folder.assetcatalog; path = Assets.xcassets; sourceTree = "<group>"; };
		87221A1320F073F2000A00F7 /* Base */ = {isa = PBXFileReference; lastKnownFileType = file.storyboard; name = Base; path = Base.lproj/LaunchScreen.storyboard; sourceTree = "<group>"; };
		87221A1520F073F2000A00F7 /* Info.plist */ = {isa = PBXFileReference; lastKnownFileType = text.plist.xml; path = Info.plist; sourceTree = "<group>"; };
		87221A1D20F195B0000A00F7 /* CameraViewController.swift */ = {isa = PBXFileReference; fileEncoding = 4; lastKnownFileType = sourcecode.swift; path = CameraViewController.swift; sourceTree = "<group>"; };
		872334212130C3FC00CA1BF6 /* GroupMemberCollectionViewCell.swift */ = {isa = PBXFileReference; lastKnownFileType = sourcecode.swift; path = GroupMemberCollectionViewCell.swift; sourceTree = "<group>"; };
		8723342C213371F900CA1BF6 /* FirstScreenViewController.swift */ = {isa = PBXFileReference; fileEncoding = 4; lastKnownFileType = sourcecode.swift; path = FirstScreenViewController.swift; sourceTree = "<group>"; };
		87706DAC20F960B200663948 /* .gitignore */ = {isa = PBXFileReference; lastKnownFileType = text; path = .gitignore; sourceTree = "<group>"; };
		87D2CEA921167570007785DC /* FirstSignUpViewController.swift */ = {isa = PBXFileReference; lastKnownFileType = sourcecode.swift; path = FirstSignUpViewController.swift; sourceTree = "<group>"; };
		87D2CEAB211675AD007785DC /* VerifyNumberViewController.swift */ = {isa = PBXFileReference; lastKnownFileType = sourcecode.swift; path = VerifyNumberViewController.swift; sourceTree = "<group>"; };
		87D2CEAD211A4069007785DC /* SecondSignUpViewController.swift */ = {isa = PBXFileReference; lastKnownFileType = sourcecode.swift; path = SecondSignUpViewController.swift; sourceTree = "<group>"; };
		87D2CEB0211A4D52007785DC /* ImageUtils.swift */ = {isa = PBXFileReference; lastKnownFileType = sourcecode.swift; path = ImageUtils.swift; sourceTree = "<group>"; };
		87D2CEB2211A4ED6007785DC /* User.swift */ = {isa = PBXFileReference; lastKnownFileType = sourcecode.swift; path = User.swift; sourceTree = "<group>"; };
		87D2CEB4211A5D4C007785DC /* SignInViewController.swift */ = {isa = PBXFileReference; lastKnownFileType = sourcecode.swift; path = SignInViewController.swift; sourceTree = "<group>"; };
		87D2CEB7211A5E94007785DC /* GroupsViewController.swift */ = {isa = PBXFileReference; lastKnownFileType = sourcecode.swift; path = GroupsViewController.swift; sourceTree = "<group>"; };
		87D2CEB9211BB04F007785DC /* GroupsTableViewCell.swift */ = {isa = PBXFileReference; lastKnownFileType = sourcecode.swift; path = GroupsTableViewCell.swift; sourceTree = "<group>"; };
		87D2CEBB211BB0EE007785DC /* Group.swift */ = {isa = PBXFileReference; lastKnownFileType = sourcecode.swift; path = Group.swift; sourceTree = "<group>"; };
		87D2CEBF211E55C7007785DC /* CreateGroupViewController.swift */ = {isa = PBXFileReference; lastKnownFileType = sourcecode.swift; path = CreateGroupViewController.swift; sourceTree = "<group>"; };
		87D2CEC121223B2B007785DC /* VideoUtils.swift */ = {isa = PBXFileReference; lastKnownFileType = sourcecode.swift; path = VideoUtils.swift; sourceTree = "<group>"; };
		87D2CEC521225722007785DC /* GroupSettingsViewController.swift */ = {isa = PBXFileReference; lastKnownFileType = sourcecode.swift; path = GroupSettingsViewController.swift; sourceTree = "<group>"; };
		87D2CEC721225745007785DC /* UserSettingsViewController.swift */ = {isa = PBXFileReference; lastKnownFileType = sourcecode.swift; path = UserSettingsViewController.swift; sourceTree = "<group>"; };
		87D2CF2121235493007785DC /* AddUserViewController.swift */ = {isa = PBXFileReference; lastKnownFileType = sourcecode.swift; path = AddUserViewController.swift; sourceTree = "<group>"; };
		87D2CF2321235696007785DC /* UserSearchTableViewCell.swift */ = {isa = PBXFileReference; lastKnownFileType = sourcecode.swift; path = UserSearchTableViewCell.swift; sourceTree = "<group>"; };
		87D2CF25212356C6007785DC /* UserSearchCollectionViewCell.swift */ = {isa = PBXFileReference; lastKnownFileType = sourcecode.swift; path = UserSearchCollectionViewCell.swift; sourceTree = "<group>"; };
		87D2CF272124D30A007785DC /* NewFeedTableViewCell.swift */ = {isa = PBXFileReference; lastKnownFileType = sourcecode.swift; path = NewFeedTableViewCell.swift; sourceTree = "<group>"; };
		87D2CF2B2127A33D007785DC /* FileUtils.swift */ = {isa = PBXFileReference; fileEncoding = 4; lastKnownFileType = sourcecode.swift; path = FileUtils.swift; sourceTree = "<group>"; };
		87DE4D8A2138C46400FC7DDB /* myVideo.mp4 */ = {isa = PBXFileReference; lastKnownFileType = file; name = myVideo.mp4; path = Flokk/myVideo.mp4; sourceTree = "<group>"; };
		87DE4D8C2138D93D00FC7DDB /* DateUtils.swift */ = {isa = PBXFileReference; lastKnownFileType = sourcecode.swift; path = DateUtils.swift; sourceTree = "<group>"; };
		87E363462135297600C7DF85 /* Networking.swift */ = {isa = PBXFileReference; lastKnownFileType = sourcecode.swift; path = Networking.swift; sourceTree = "<group>"; };
/* End PBXFileReference section */

/* Begin PBXFrameworksBuildPhase section */
		87221A0320F073F2000A00F7 /* Frameworks */ = {
			isa = PBXFrameworksBuildPhase;
			buildActionMask = 2147483647;
			files = (
				875691A92101009000284EA3 /* Pods_Flokk.framework in Frameworks */,
			);
			runOnlyForDeploymentPostprocessing = 0;
		};
/* End PBXFrameworksBuildPhase section */

/* Begin PBXGroup section */
		10533BB5E74E72772E132DDB /* Pods */ = {
			isa = PBXGroup;
			children = (
				4179953DF8DE914F0B1E1396 /* Pods-Flokk.debug.xcconfig */,
				4E7F9723779119924F127835 /* Pods-Flokk.release.xcconfig */,
			);
			name = Pods;
			sourceTree = "<group>";
		};
		7C49593E9BA90BE52A8276E4 /* Frameworks */ = {
			isa = PBXGroup;
			children = (
				453D587CDE3B8763B595800A /* Pods_Flokk.framework */,
			);
			name = Frameworks;
			sourceTree = "<group>";
		};
		7F8012A92100F69D00CEA5DA /* Fonts */ = {
			isa = PBXGroup;
			children = (
				7F8012A82100F69800CEA5DA /* JosefinSans-Regular.ttf */,
				7F8012A72100F69800CEA5DA /* JosefinSans-Bold.ttf */,
			);
			path = Fonts;
			sourceTree = "<group>";
		};
		7F8012B5210123B700CEA5DA /* Animation */ = {
			isa = PBXGroup;
			children = (
				7F8012B3210123B000CEA5DA /* BounceButton.swift */,
			);
			path = Animation;
			sourceTree = "<group>";
		};
		8711A834210D478100CCFD38 /* Feed */ = {
			isa = PBXGroup;
			children = (
				872334232130C40100CA1BF6 /* Cells */,
				8711A835210D478C00CCFD38 /* FeedViewController.swift */,
				87D2CEC521225722007785DC /* GroupSettingsViewController.swift */,
				87D2CF2121235493007785DC /* AddUserViewController.swift */,
			);
			path = Feed;
			sourceTree = "<group>";
		};
		8711A837210D47C400CCFD38 /* Framework */ = {
			isa = PBXGroup;
			children = (
				8711A838210D47CD00CCFD38 /* Post.swift */,
				87D2CEB2211A4ED6007785DC /* User.swift */,
				87D2CEBB211BB0EE007785DC /* Group.swift */,
				87E363462135297600C7DF85 /* Networking.swift */,
			);
			path = Framework;
			sourceTree = "<group>";
		};
		8711A8442113E5D900CCFD38 /* Nav Controllers */ = {
			isa = PBXGroup;
			children = (
				8711A8452113E5F000CCFD38 /* CameraNavigationController.swift */,
			);
			path = "Nav Controllers";
			sourceTree = "<group>";
		};
		8720D7C420F46CDB0069F56B /* View Controllers */ = {
			isa = PBXGroup;
			children = (
				87D2CEA821167524007785DC /* Sign Up */,
				87D2CEB6211A5E7D007785DC /* Groups */,
				8711A834210D478100CCFD38 /* Feed */,
				8720D7C820F46D3C0069F56B /* Camera & Video */,
			);
			path = "View Controllers";
			sourceTree = "<group>";
		};
		8720D7C820F46D3C0069F56B /* Camera & Video */ = {
			isa = PBXGroup;
			children = (
				8711A8442113E5D900CCFD38 /* Nav Controllers */,
				87221A1D20F195B0000A00F7 /* CameraViewController.swift */,
				8720D7C020F1DBBC0069F56B /* VideoPlaybackViewController.swift */,
				8720D7CD20F476DB0069F56B /* VideoTrimmerViewController.swift */,
			);
			path = "Camera & Video";
			sourceTree = "<group>";
		};
		872219FD20F073F2000A00F7 = {
			isa = PBXGroup;
			children = (
				87DE4D8A2138C46400FC7DDB /* myVideo.mp4 */,
				87221A0820F073F2000A00F7 /* Flokk */,
				87221A0720F073F2000A00F7 /* Products */,
				10533BB5E74E72772E132DDB /* Pods */,
				7C49593E9BA90BE52A8276E4 /* Frameworks */,
				87DE4D892138C33700FC7DDB /* Recovered References */,
			);
			sourceTree = "<group>";
		};
		87221A0720F073F2000A00F7 /* Products */ = {
			isa = PBXGroup;
			children = (
				87221A0620F073F2000A00F7 /* Flokk.app */,
			);
			name = Products;
			sourceTree = "<group>";
		};
		87221A0820F073F2000A00F7 /* Flokk */ = {
			isa = PBXGroup;
			children = (
				8720D7C420F46CDB0069F56B /* View Controllers */,
				8711A837210D47C400CCFD38 /* Framework */,
				87D2CEAF211A4D41007785DC /* Utils */,
				7F8012BA2102CBF200CEA5DA /* Camera.storyboard */,
				7F912B972110DB8E00ADABEE /* Groups.storyboard */,
				7F912B9B211114E000ADABEE /* SignUp.storyboard */,
				87221A1020F073F2000A00F7 /* Assets.xcassets */,
				87221A0920F073F2000A00F7 /* AppDelegate.swift */,
				87221A1220F073F2000A00F7 /* LaunchScreen.storyboard */,
				8711A8422113E55C00CCFD38 /* GoogleService-Info.plist */,
				87221A1520F073F2000A00F7 /* Info.plist */,
				87706DAC20F960B200663948 /* .gitignore */,
				7F8012B5210123B700CEA5DA /* Animation */,
				7F8012A92100F69D00CEA5DA /* Fonts */,
			);
			path = Flokk;
			sourceTree = "<group>";
		};
		872334232130C40100CA1BF6 /* Cells */ = {
			isa = PBXGroup;
			children = (
				8711A83A210D539D00CCFD38 /* FeedTableViewCell.swift */,
				87D2CF272124D30A007785DC /* NewFeedTableViewCell.swift */,
				872334212130C3FC00CA1BF6 /* GroupMemberCollectionViewCell.swift */,
				87D2CF2321235696007785DC /* UserSearchTableViewCell.swift */,
				87D2CF25212356C6007785DC /* UserSearchCollectionViewCell.swift */,
			);
			path = Cells;
			sourceTree = "<group>";
		};
		87D2CEA821167524007785DC /* Sign Up */ = {
			isa = PBXGroup;
			children = (
				8723342C213371F900CA1BF6 /* FirstScreenViewController.swift */,
				87D2CEA921167570007785DC /* FirstSignUpViewController.swift */,
				87D2CEAD211A4069007785DC /* SecondSignUpViewController.swift */,
				87D2CEB4211A5D4C007785DC /* SignInViewController.swift */,
				87D2CEAB211675AD007785DC /* VerifyNumberViewController.swift */,
				7FE56E1B212F254C00A8CEE8 /* OpenViewController.swift */,
			);
			path = "Sign Up";
			sourceTree = "<group>";
		};
		87D2CEAF211A4D41007785DC /* Utils */ = {
			isa = PBXGroup;
			children = (
				87D2CF2B2127A33D007785DC /* FileUtils.swift */,
				87D2CEB0211A4D52007785DC /* ImageUtils.swift */,
				87D2CEC121223B2B007785DC /* VideoUtils.swift */,
				87DE4D8C2138D93D00FC7DDB /* DateUtils.swift */,
			);
			path = Utils;
			sourceTree = "<group>";
		};
		87D2CEB6211A5E7D007785DC /* Groups */ = {
			isa = PBXGroup;
			children = (
				87D2CEB7211A5E94007785DC /* GroupsViewController.swift */,
				87D2CEB9211BB04F007785DC /* GroupsTableViewCell.swift */,
				87D2CEBF211E55C7007785DC /* CreateGroupViewController.swift */,
				87D2CEC721225745007785DC /* UserSettingsViewController.swift */,
			);
			path = Groups;
			sourceTree = "<group>";
		};
		87DE4D892138C33700FC7DDB /* Recovered References */ = {
			isa = PBXGroup;
			children = (
				7F6C0FE121364648005711F0 /* myVideo.mp4 */,
			);
			name = "Recovered References";
			sourceTree = "<group>";
		};
/* End PBXGroup section */

/* Begin PBXNativeTarget section */
		87221A0520F073F2000A00F7 /* Flokk */ = {
			isa = PBXNativeTarget;
			buildConfigurationList = 87221A1820F073F2000A00F7 /* Build configuration list for PBXNativeTarget "Flokk" */;
			buildPhases = (
				B4D7BB6BBEE871C1A125DF61 /* [CP] Check Pods Manifest.lock */,
				87221A0220F073F2000A00F7 /* Sources */,
				87221A0320F073F2000A00F7 /* Frameworks */,
				87221A0420F073F2000A00F7 /* Resources */,
				BE5C00B6AD0E6A1D19967CD5 /* [CP] Embed Pods Frameworks */,
			);
			buildRules = (
			);
			dependencies = (
			);
			name = Flokk;
			productName = Flokk;
			productReference = 87221A0620F073F2000A00F7 /* Flokk.app */;
			productType = "com.apple.product-type.application";
		};
/* End PBXNativeTarget section */

/* Begin PBXProject section */
		872219FE20F073F2000A00F7 /* Project object */ = {
			isa = PBXProject;
			attributes = {
				LastSwiftUpdateCheck = 0920;
				LastUpgradeCheck = 0940;
				ORGANIZATIONNAME = "Gannon Prudomme";
				TargetAttributes = {
					87221A0520F073F2000A00F7 = {
						CreatedOnToolsVersion = 9.2;
						ProvisioningStyle = Automatic;
					};
				};
			};
			buildConfigurationList = 87221A0120F073F2000A00F7 /* Build configuration list for PBXProject "Flokk" */;
			compatibilityVersion = "Xcode 8.0";
			developmentRegion = en;
			hasScannedForEncodings = 0;
			knownRegions = (
				en,
				Base,
			);
			mainGroup = 872219FD20F073F2000A00F7;
			productRefGroup = 87221A0720F073F2000A00F7 /* Products */;
			projectDirPath = "";
			projectRoot = "";
			targets = (
				87221A0520F073F2000A00F7 /* Flokk */,
			);
		};
/* End PBXProject section */

/* Begin PBXResourcesBuildPhase section */
		87221A0420F073F2000A00F7 /* Resources */ = {
			isa = PBXResourcesBuildPhase;
			buildActionMask = 2147483647;
			files = (
				87DE4D8B2138C46500FC7DDB /* myVideo.mp4 in Resources */,
				87706DAD20F960B200663948 /* .gitignore in Resources */,
				87221A1420F073F2000A00F7 /* LaunchScreen.storyboard in Resources */,
				7F85D2C121115D96006E2772 /* JosefinSans-Bold.ttf in Resources */,
				87221A1120F073F2000A00F7 /* Assets.xcassets in Resources */,
				7F8012BB2102CBF200CEA5DA /* Camera.storyboard in Resources */,
				7F85D2C021115D93006E2772 /* JosefinSans-Regular.ttf in Resources */,
				7F912B9C211114E000ADABEE /* SignUp.storyboard in Resources */,
				7F912B982110DB8E00ADABEE /* Groups.storyboard in Resources */,
				8711A8432113E55D00CCFD38 /* GoogleService-Info.plist in Resources */,
			);
			runOnlyForDeploymentPostprocessing = 0;
		};
/* End PBXResourcesBuildPhase section */

/* Begin PBXShellScriptBuildPhase section */
		B4D7BB6BBEE871C1A125DF61 /* [CP] Check Pods Manifest.lock */ = {
			isa = PBXShellScriptBuildPhase;
			buildActionMask = 2147483647;
			files = (
			);
			inputPaths = (
				"${PODS_PODFILE_DIR_PATH}/Podfile.lock",
				"${PODS_ROOT}/Manifest.lock",
			);
			name = "[CP] Check Pods Manifest.lock";
			outputPaths = (
				"$(DERIVED_FILE_DIR)/Pods-Flokk-checkManifestLockResult.txt",
			);
			runOnlyForDeploymentPostprocessing = 0;
			shellPath = /bin/sh;
			shellScript = "diff \"${PODS_PODFILE_DIR_PATH}/Podfile.lock\" \"${PODS_ROOT}/Manifest.lock\" > /dev/null\nif [ $? != 0 ] ; then\n    # print error to STDERR\n    echo \"error: The sandbox is not in sync with the Podfile.lock. Run 'pod install' or update your CocoaPods installation.\" >&2\n    exit 1\nfi\n# This output is used by Xcode 'outputs' to avoid re-running this script phase.\necho \"SUCCESS\" > \"${SCRIPT_OUTPUT_FILE_0}\"\n";
			showEnvVarsInLog = 0;
		};
		BE5C00B6AD0E6A1D19967CD5 /* [CP] Embed Pods Frameworks */ = {
			isa = PBXShellScriptBuildPhase;
			buildActionMask = 2147483647;
			files = (
			);
			inputPaths = (
				"${SRCROOT}/Pods/Target Support Files/Pods-Flokk/Pods-Flokk-frameworks.sh",
				"${BUILT_PRODUCTS_DIR}/ABVideoRangeSlider/ABVideoRangeSlider.framework",
				"${BUILT_PRODUCTS_DIR}/GTMSessionFetcher/GTMSessionFetcher.framework",
				"${BUILT_PRODUCTS_DIR}/GoogleToolboxForMac/GoogleToolboxForMac.framework",
				"${BUILT_PRODUCTS_DIR}/NextLevel/NextLevel.framework",
				"${BUILT_PRODUCTS_DIR}/RecordButton/RecordButton.framework",
				"${BUILT_PRODUCTS_DIR}/SwiftVideoBackground/SwiftVideoBackground.framework",
				"${BUILT_PRODUCTS_DIR}/SwiftyJSON/SwiftyJSON.framework",
				"${BUILT_PRODUCTS_DIR}/leveldb-library/leveldb.framework",
				"${BUILT_PRODUCTS_DIR}/nanopb/nanopb.framework",
			);
			name = "[CP] Embed Pods Frameworks";
			outputPaths = (
				"${TARGET_BUILD_DIR}/${FRAMEWORKS_FOLDER_PATH}/ABVideoRangeSlider.framework",
				"${TARGET_BUILD_DIR}/${FRAMEWORKS_FOLDER_PATH}/GTMSessionFetcher.framework",
				"${TARGET_BUILD_DIR}/${FRAMEWORKS_FOLDER_PATH}/GoogleToolboxForMac.framework",
				"${TARGET_BUILD_DIR}/${FRAMEWORKS_FOLDER_PATH}/NextLevel.framework",
				"${TARGET_BUILD_DIR}/${FRAMEWORKS_FOLDER_PATH}/RecordButton.framework",
				"${TARGET_BUILD_DIR}/${FRAMEWORKS_FOLDER_PATH}/SwiftVideoBackground.framework",
				"${TARGET_BUILD_DIR}/${FRAMEWORKS_FOLDER_PATH}/SwiftyJSON.framework",
				"${TARGET_BUILD_DIR}/${FRAMEWORKS_FOLDER_PATH}/leveldb.framework",
				"${TARGET_BUILD_DIR}/${FRAMEWORKS_FOLDER_PATH}/nanopb.framework",
			);
			runOnlyForDeploymentPostprocessing = 0;
			shellPath = /bin/sh;
			shellScript = "\"${SRCROOT}/Pods/Target Support Files/Pods-Flokk/Pods-Flokk-frameworks.sh\"\n";
			showEnvVarsInLog = 0;
		};
/* End PBXShellScriptBuildPhase section */

/* Begin PBXSourcesBuildPhase section */
		87221A0220F073F2000A00F7 /* Sources */ = {
			isa = PBXSourcesBuildPhase;
			buildActionMask = 2147483647;
			files = (
				8723342D213371F900CA1BF6 /* FirstScreenViewController.swift in Sources */,
				87D2CF2421235696007785DC /* UserSearchTableViewCell.swift in Sources */,
				87D2CEB5211A5D4C007785DC /* SignInViewController.swift in Sources */,
				87D2CEBC211BB0EE007785DC /* Group.swift in Sources */,
				87D2CEB3211A4ED6007785DC /* User.swift in Sources */,
				8711A8462113E5F000CCFD38 /* CameraNavigationController.swift in Sources */,
				87D2CF282124D30A007785DC /* NewFeedTableViewCell.swift in Sources */,
				87D2CEAE211A4069007785DC /* SecondSignUpViewController.swift in Sources */,
				87D2CEC821225745007785DC /* UserSettingsViewController.swift in Sources */,
				87D2CEC621225722007785DC /* GroupSettingsViewController.swift in Sources */,
				87D2CF2C2127A33D007785DC /* FileUtils.swift in Sources */,
				7FEFAF842133A28B00D9537E /* BounceButton.swift in Sources */,
				872334222130C3FC00CA1BF6 /* GroupMemberCollectionViewCell.swift in Sources */,
				8720D7C120F1DBBC0069F56B /* VideoPlaybackViewController.swift in Sources */,
				87221A1E20F195B0000A00F7 /* CameraViewController.swift in Sources */,
				87D2CEAA21167570007785DC /* FirstSignUpViewController.swift in Sources */,
				87D2CEBA211BB04F007785DC /* GroupsTableViewCell.swift in Sources */,
				87D2CF2221235493007785DC /* AddUserViewController.swift in Sources */,
				87D2CF26212356C6007785DC /* UserSearchCollectionViewCell.swift in Sources */,
				7FE56E1C212F254C00A8CEE8 /* OpenViewController.swift in Sources */,
				87D2CEAC211675AD007785DC /* VerifyNumberViewController.swift in Sources */,
				8711A83B210D539D00CCFD38 /* FeedTableViewCell.swift in Sources */,
				87E363472135297600C7DF85 /* Networking.swift in Sources */,
				8711A836210D478C00CCFD38 /* FeedViewController.swift in Sources */,
				8711A839210D47CD00CCFD38 /* Post.swift in Sources */,
				87DE4D8D2138D93D00FC7DDB /* DateUtils.swift in Sources */,
				8720D7CE20F476DB0069F56B /* VideoTrimmerViewController.swift in Sources */,
				87D2CEC221223B2B007785DC /* VideoUtils.swift in Sources */,
				87D2CEC0211E55C7007785DC /* CreateGroupViewController.swift in Sources */,
				87221A0A20F073F2000A00F7 /* AppDelegate.swift in Sources */,
				87D2CEB1211A4D52007785DC /* ImageUtils.swift in Sources */,
				87D2CEB8211A5E94007785DC /* GroupsViewController.swift in Sources */,
			);
			runOnlyForDeploymentPostprocessing = 0;
		};
/* End PBXSourcesBuildPhase section */

/* Begin PBXVariantGroup section */
		87221A1220F073F2000A00F7 /* LaunchScreen.storyboard */ = {
			isa = PBXVariantGroup;
			children = (
				87221A1320F073F2000A00F7 /* Base */,
			);
			name = LaunchScreen.storyboard;
			sourceTree = "<group>";
		};
/* End PBXVariantGroup section */

/* Begin XCBuildConfiguration section */
		87221A1620F073F2000A00F7 /* Debug */ = {
			isa = XCBuildConfiguration;
			buildSettings = {
				ALWAYS_SEARCH_USER_PATHS = NO;
				CLANG_ANALYZER_NONNULL = YES;
				CLANG_ANALYZER_NUMBER_OBJECT_CONVERSION = YES_AGGRESSIVE;
				CLANG_CXX_LANGUAGE_STANDARD = "gnu++14";
				CLANG_CXX_LIBRARY = "libc++";
				CLANG_ENABLE_MODULES = YES;
				CLANG_ENABLE_OBJC_ARC = YES;
				CLANG_WARN_BLOCK_CAPTURE_AUTORELEASING = YES;
				CLANG_WARN_BOOL_CONVERSION = YES;
				CLANG_WARN_COMMA = YES;
				CLANG_WARN_CONSTANT_CONVERSION = YES;
				CLANG_WARN_DEPRECATED_OBJC_IMPLEMENTATIONS = YES;
				CLANG_WARN_DIRECT_OBJC_ISA_USAGE = YES_ERROR;
				CLANG_WARN_DOCUMENTATION_COMMENTS = YES;
				CLANG_WARN_EMPTY_BODY = YES;
				CLANG_WARN_ENUM_CONVERSION = YES;
				CLANG_WARN_INFINITE_RECURSION = YES;
				CLANG_WARN_INT_CONVERSION = YES;
				CLANG_WARN_NON_LITERAL_NULL_CONVERSION = YES;
				CLANG_WARN_OBJC_IMPLICIT_RETAIN_SELF = YES;
				CLANG_WARN_OBJC_LITERAL_CONVERSION = YES;
				CLANG_WARN_OBJC_ROOT_CLASS = YES_ERROR;
				CLANG_WARN_RANGE_LOOP_ANALYSIS = YES;
				CLANG_WARN_STRICT_PROTOTYPES = YES;
				CLANG_WARN_SUSPICIOUS_MOVE = YES;
				CLANG_WARN_UNGUARDED_AVAILABILITY = YES_AGGRESSIVE;
				CLANG_WARN_UNREACHABLE_CODE = YES;
				CLANG_WARN__DUPLICATE_METHOD_MATCH = YES;
				CODE_SIGN_IDENTITY = "iPhone Developer";
				COPY_PHASE_STRIP = NO;
				DEBUG_INFORMATION_FORMAT = dwarf;
				ENABLE_STRICT_OBJC_MSGSEND = YES;
				ENABLE_TESTABILITY = YES;
				GCC_C_LANGUAGE_STANDARD = gnu11;
				GCC_DYNAMIC_NO_PIC = NO;
				GCC_NO_COMMON_BLOCKS = YES;
				GCC_OPTIMIZATION_LEVEL = 0;
				GCC_PREPROCESSOR_DEFINITIONS = (
					"DEBUG=1",
					"$(inherited)",
				);
				GCC_WARN_64_TO_32_BIT_CONVERSION = YES;
				GCC_WARN_ABOUT_RETURN_TYPE = YES_ERROR;
				GCC_WARN_UNDECLARED_SELECTOR = YES;
				GCC_WARN_UNINITIALIZED_AUTOS = YES_AGGRESSIVE;
				GCC_WARN_UNUSED_FUNCTION = YES;
				GCC_WARN_UNUSED_VARIABLE = YES;
				IPHONEOS_DEPLOYMENT_TARGET = 11.2;
				MTL_ENABLE_DEBUG_INFO = YES;
				ONLY_ACTIVE_ARCH = YES;
				SDKROOT = iphoneos;
				SWIFT_ACTIVE_COMPILATION_CONDITIONS = DEBUG;
				SWIFT_OPTIMIZATION_LEVEL = "-Onone";
			};
			name = Debug;
		};
		87221A1720F073F2000A00F7 /* Release */ = {
			isa = XCBuildConfiguration;
			buildSettings = {
				ALWAYS_SEARCH_USER_PATHS = NO;
				CLANG_ANALYZER_NONNULL = YES;
				CLANG_ANALYZER_NUMBER_OBJECT_CONVERSION = YES_AGGRESSIVE;
				CLANG_CXX_LANGUAGE_STANDARD = "gnu++14";
				CLANG_CXX_LIBRARY = "libc++";
				CLANG_ENABLE_MODULES = YES;
				CLANG_ENABLE_OBJC_ARC = YES;
				CLANG_WARN_BLOCK_CAPTURE_AUTORELEASING = YES;
				CLANG_WARN_BOOL_CONVERSION = YES;
				CLANG_WARN_COMMA = YES;
				CLANG_WARN_CONSTANT_CONVERSION = YES;
				CLANG_WARN_DEPRECATED_OBJC_IMPLEMENTATIONS = YES;
				CLANG_WARN_DIRECT_OBJC_ISA_USAGE = YES_ERROR;
				CLANG_WARN_DOCUMENTATION_COMMENTS = YES;
				CLANG_WARN_EMPTY_BODY = YES;
				CLANG_WARN_ENUM_CONVERSION = YES;
				CLANG_WARN_INFINITE_RECURSION = YES;
				CLANG_WARN_INT_CONVERSION = YES;
				CLANG_WARN_NON_LITERAL_NULL_CONVERSION = YES;
				CLANG_WARN_OBJC_IMPLICIT_RETAIN_SELF = YES;
				CLANG_WARN_OBJC_LITERAL_CONVERSION = YES;
				CLANG_WARN_OBJC_ROOT_CLASS = YES_ERROR;
				CLANG_WARN_RANGE_LOOP_ANALYSIS = YES;
				CLANG_WARN_STRICT_PROTOTYPES = YES;
				CLANG_WARN_SUSPICIOUS_MOVE = YES;
				CLANG_WARN_UNGUARDED_AVAILABILITY = YES_AGGRESSIVE;
				CLANG_WARN_UNREACHABLE_CODE = YES;
				CLANG_WARN__DUPLICATE_METHOD_MATCH = YES;
				CODE_SIGN_IDENTITY = "iPhone Developer";
				COPY_PHASE_STRIP = NO;
				DEBUG_INFORMATION_FORMAT = "dwarf-with-dsym";
				ENABLE_NS_ASSERTIONS = NO;
				ENABLE_STRICT_OBJC_MSGSEND = YES;
				GCC_C_LANGUAGE_STANDARD = gnu11;
				GCC_NO_COMMON_BLOCKS = YES;
				GCC_WARN_64_TO_32_BIT_CONVERSION = YES;
				GCC_WARN_ABOUT_RETURN_TYPE = YES_ERROR;
				GCC_WARN_UNDECLARED_SELECTOR = YES;
				GCC_WARN_UNINITIALIZED_AUTOS = YES_AGGRESSIVE;
				GCC_WARN_UNUSED_FUNCTION = YES;
				GCC_WARN_UNUSED_VARIABLE = YES;
				IPHONEOS_DEPLOYMENT_TARGET = 11.2;
				MTL_ENABLE_DEBUG_INFO = NO;
				SDKROOT = iphoneos;
				SWIFT_OPTIMIZATION_LEVEL = "-Owholemodule";
				VALIDATE_PRODUCT = YES;
			};
			name = Release;
		};
		87221A1920F073F2000A00F7 /* Debug */ = {
			isa = XCBuildConfiguration;
			baseConfigurationReference = 4179953DF8DE914F0B1E1396 /* Pods-Flokk.debug.xcconfig */;
			buildSettings = {
				ASSETCATALOG_COMPILER_APPICON_NAME = AppIcon;
				CODE_SIGN_STYLE = Automatic;
				DEVELOPMENT_TEAM = L4K4Q74X62;
				INFOPLIST_FILE = Flokk/Info.plist;
				IPHONEOS_DEPLOYMENT_TARGET = 11.0;
				LD_RUNPATH_SEARCH_PATHS = "$(inherited) @executable_path/Frameworks";
				PRODUCT_BUNDLE_IDENTIFIER = com.flokk.flokk;
				PRODUCT_NAME = "$(TARGET_NAME)";
				SWIFT_VERSION = 4.0;
				TARGETED_DEVICE_FAMILY = "1,2";
			};
			name = Debug;
		};
		87221A1A20F073F2000A00F7 /* Release */ = {
			isa = XCBuildConfiguration;
			baseConfigurationReference = 4E7F9723779119924F127835 /* Pods-Flokk.release.xcconfig */;
			buildSettings = {
				ASSETCATALOG_COMPILER_APPICON_NAME = AppIcon;
				CODE_SIGN_STYLE = Automatic;
				DEVELOPMENT_TEAM = L4K4Q74X62;
				INFOPLIST_FILE = Flokk/Info.plist;
				IPHONEOS_DEPLOYMENT_TARGET = 11.0;
				LD_RUNPATH_SEARCH_PATHS = "$(inherited) @executable_path/Frameworks";
				PRODUCT_BUNDLE_IDENTIFIER = com.flokk.flokk;
				PRODUCT_NAME = "$(TARGET_NAME)";
				SWIFT_VERSION = 4.0;
				TARGETED_DEVICE_FAMILY = "1,2";
			};
			name = Release;
		};
/* End XCBuildConfiguration section */

/* Begin XCConfigurationList section */
		87221A0120F073F2000A00F7 /* Build configuration list for PBXProject "Flokk" */ = {
			isa = XCConfigurationList;
			buildConfigurations = (
				87221A1620F073F2000A00F7 /* Debug */,
				87221A1720F073F2000A00F7 /* Release */,
			);
			defaultConfigurationIsVisible = 0;
			defaultConfigurationName = Release;
		};
		87221A1820F073F2000A00F7 /* Build configuration list for PBXNativeTarget "Flokk" */ = {
			isa = XCConfigurationList;
			buildConfigurations = (
				87221A1920F073F2000A00F7 /* Debug */,
				87221A1A20F073F2000A00F7 /* Release */,
			);
			defaultConfigurationIsVisible = 0;
			defaultConfigurationName = Release;
		};
/* End XCConfigurationList section */
	};
	rootObject = 872219FE20F073F2000A00F7 /* Project object */;
}
